
Microsoft Visual Studio Solution File, Format Version 12.00
# Visual Studio 15
VisualStudioVersion = 15.0.26730.10
MinimumVisualStudioVersion = 10.0.40219.1
Project("{FAE04EC0-301F-11D3-BF4B-00C04F79EFBC}") = "XESmartTarget", "XESmartTarget\XESmartTarget.csproj", "{08A489CE-617E-402B-BEE5-C8EB3FB43E60}"
EndProject
Project("{FAE04EC0-301F-11D3-BF4B-00C04F79EFBC}") = "XESmartTarget.Core", "XESmartTarget.Core\XESmartTarget.Core.csproj", "{C9C968D1-4AA9-4674-BBE4-C08B9C169147}"
EndProject
Project("{930C7802-8A8C-48F9-8165-68863BCCD9DD}") = "Setup", "Setup\Setup.wixproj", "{015A6270-8FB2-4FE6-8A22-E4BC554AC734}"
EndProject
Global
	GlobalSection(SolutionConfigurationPlatforms) = preSolution
		Debug|Any CPU = Debug|Any CPU
		Debug|x86 = Debug|x86
		Release|Any CPU = Release|Any CPU
		Release|x86 = Release|x86
	EndGlobalSection
	GlobalSection(ProjectConfigurationPlatforms) = postSolution
		{08A489CE-617E-402B-BEE5-C8EB3FB43E60}.Debug|Any CPU.ActiveCfg = Debug|Any CPU
		{08A489CE-617E-402B-BEE5-C8EB3FB43E60}.Debug|Any CPU.Build.0 = Debug|Any CPU
		{08A489CE-617E-402B-BEE5-C8EB3FB43E60}.Debug|x86.ActiveCfg = Debug|Any CPU
		{08A489CE-617E-402B-BEE5-C8EB3FB43E60}.Debug|x86.Build.0 = Debug|Any CPU
		{08A489CE-617E-402B-BEE5-C8EB3FB43E60}.Release|Any CPU.ActiveCfg = Release|Any CPU
		{08A489CE-617E-402B-BEE5-C8EB3FB43E60}.Release|Any CPU.Build.0 = Release|Any CPU
		{08A489CE-617E-402B-BEE5-C8EB3FB43E60}.Release|x86.ActiveCfg = Release|Any CPU
		{08A489CE-617E-402B-BEE5-C8EB3FB43E60}.Release|x86.Build.0 = Release|Any CPU
		{C9C968D1-4AA9-4674-BBE4-C08B9C169147}.Debug|Any CPU.ActiveCfg = Debug|Any CPU
		{C9C968D1-4AA9-4674-BBE4-C08B9C169147}.Debug|Any CPU.Build.0 = Debug|Any CPU
		{C9C968D1-4AA9-4674-BBE4-C08B9C169147}.Debug|x86.ActiveCfg = Debug|Any CPU
		{C9C968D1-4AA9-4674-BBE4-C08B9C169147}.Debug|x86.Build.0 = Debug|Any CPU
		{C9C968D1-4AA9-4674-BBE4-C08B9C169147}.Release|Any CPU.ActiveCfg = Release|Any CPU
		{C9C968D1-4AA9-4674-BBE4-C08B9C169147}.Release|Any CPU.Build.0 = Release|Any CPU
		{C9C968D1-4AA9-4674-BBE4-C08B9C169147}.Release|x86.ActiveCfg = Release|Any CPU
		{C9C968D1-4AA9-4674-BBE4-C08B9C169147}.Release|x86.Build.0 = Release|Any CPU
		{015A6270-8FB2-4FE6-8A22-E4BC554AC734}.Debug|Any CPU.ActiveCfg = Debug|x86
		{015A6270-8FB2-4FE6-8A22-E4BC554AC734}.Debug|x86.ActiveCfg = Debug|x86
		{015A6270-8FB2-4FE6-8A22-E4BC554AC734}.Debug|x86.Build.0 = Debug|x86
		{015A6270-8FB2-4FE6-8A22-E4BC554AC734}.Release|Any CPU.ActiveCfg = Release|x86
		{015A6270-8FB2-4FE6-8A22-E4BC554AC734}.Release|x86.ActiveCfg = Release|x86
		{015A6270-8FB2-4FE6-8A22-E4BC554AC734}.Release|x86.Build.0 = Release|x86
	EndGlobalSection
	GlobalSection(SolutionProperties) = preSolution
		HideSolutionNode = FALSE
	EndGlobalSection
	GlobalSection(ExtensibilityGlobals) = postSolution
		SolutionGuid = {B4B34C77-6256-45B1-B61D-1B7CDC4D6932}
	EndGlobalSection
EndGlobal
