
Microsoft Visual Studio Solution File, Format Version 12.00
# Visual Studio 15
VisualStudioVersion = 15.0.26228.4
MinimumVisualStudioVersion = 10.0.40219.1
Project("{FAE04EC0-301F-11D3-BF4B-00C04F79EFBC}") = "XESmartTarget", "XESmartTarget\XESmartTarget.csproj", "{08A489CE-617E-402B-BEE5-C8EB3FB43E60}"
EndProject
Project("{FAE04EC0-301F-11D3-BF4B-00C04F79EFBC}") = "XESmartTarget.Core", "XESmartTarget.Core\XESmartTarget.Core.csproj", "{C9C968D1-4AA9-4674-BBE4-C08B9C169147}"
EndProject
Global
	GlobalSection(SolutionConfigurationPlatforms) = preSolution
		Debug|Any CPU = Debug|Any CPU
		Release|Any CPU = Release|Any CPU
	EndGlobalSection
	GlobalSection(ProjectConfigurationPlatforms) = postSolution
		{08A489CE-617E-402B-BEE5-C8EB3FB43E60}.Debug|Any CPU.ActiveCfg = Debug|Any CPU
		{08A489CE-617E-402B-BEE5-C8EB3FB43E60}.Debug|Any CPU.Build.0 = Debug|Any CPU
		{08A489CE-617E-402B-BEE5-C8EB3FB43E60}.Release|Any CPU.ActiveCfg = Release|Any CPU
		{08A489CE-617E-402B-BEE5-C8EB3FB43E60}.Release|Any CPU.Build.0 = Release|Any CPU
		{C9C968D1-4AA9-4674-BBE4-C08B9C169147}.Debug|Any CPU.ActiveCfg = Debug|Any CPU
		{C9C968D1-4AA9-4674-BBE4-C08B9C169147}.Debug|Any CPU.Build.0 = Debug|Any CPU
		{C9C968D1-4AA9-4674-BBE4-C08B9C169147}.Release|Any CPU.ActiveCfg = Release|Any CPU
		{C9C968D1-4AA9-4674-BBE4-C08B9C169147}.Release|Any CPU.Build.0 = Release|Any CPU
	EndGlobalSection
	GlobalSection(SolutionProperties) = preSolution
		HideSolutionNode = FALSE
	EndGlobalSection
EndGlobal
